<?xml version="1.0" encoding="utf-8"?>
<Project ToolsVersion="17.0" xmlns="http://schemas.microsoft.com/developer/msbuild/2003">
  <ItemGroup>
    <CustomBuild Include="C:\Users\utente\Desktop\Computer Graphics - OpenGL\glfw-build\CMakeFiles\c4ad82f09774098c52277b5ee91f7cb0\INSTALL_force.rule">
      <Filter>CMake Rules</Filter>
    </CustomBuild>
  </ItemGroup>
  <ItemGroup>
    <Filter Include="CMake Rules">
      <UniqueIdentifier>{577F87BD-2D1A-380D-B462-BB4BCF09BECF}</UniqueIdentifier>
    </Filter>
  </ItemGroup>
</Project>
