
Microsoft Visual Studio Solution File, Format Version 12.00
# Visual Studio Version 17
Project("{2150E333-8FDC-42A3-9474-1A3956D46DE8}") = "CMakePredefinedTargets", "CMakePredefinedTargets", "{E353FE73-586F-3539-A0CB-8E9C693990CB}"
EndProject
Project("{2150E333-8FDC-42A3-9474-1A3956D46DE8}") = "GLFW3", "GLFW3", "{C1C28802-AC40-3F6E-9FC2-370571FD4867}"
EndProject
Project("{2150E333-8FDC-42A3-9474-1A3956D46DE8}") = "Examples", "GLFW3\Examples", "{33F6E311-E57D-3D7E-AB06-88670F0DBA82}"
EndProject
Project("{2150E333-8FDC-42A3-9474-1A3956D46DE8}") = "Tests", "GLFW3\Tests", "{2780D168-1285-373E-A55B-BE992A8BB83A}"
EndProject
Project("{8BC9CEB8-8B4A-11D0-8D11-00A0C91BC942}") = "ALL_BUILD", "ALL_BUILD.vcxproj", "{5EC260AE-409E-34CD-BA2D-049FB3E77B0B}"
	ProjectSection(ProjectDependencies) = postProject
		{5A9F61D0-A617-33BE-BF5C-350F941FB3B9} = {5A9F61D0-A617-33BE-BF5C-350F941FB3B9}
		{89B40E84-C5B2-3AAB-B979-6F9A2CC25ACB} = {89B40E84-C5B2-3AAB-B979-6F9A2CC25ACB}
		{D4E3D4FD-4DA5-3FD7-BD6C-1FE09E88543C} = {D4E3D4FD-4DA5-3FD7-BD6C-1FE09E88543C}
		{7266D836-5A7E-3A98-B864-E297D580885C} = {7266D836-5A7E-3A98-B864-E297D580885C}
		{58307666-22B4-3E24-B6C4-B5F99F9FCD19} = {58307666-22B4-3E24-B6C4-B5F99F9FCD19}
		{59BC08AF-B1CC-3E6A-ACA7-FA8C955977E7} = {59BC08AF-B1CC-3E6A-ACA7-FA8C955977E7}
		{C785CD42-DF61-3759-AC32-25337B93C1AC} = {C785CD42-DF61-3759-AC32-25337B93C1AC}
		{CE0DFAEC-D76D-3130-A5AE-F73557D30431} = {CE0DFAEC-D76D-3130-A5AE-F73557D30431}
		{D8F123BC-5BF3-3D90-BA4C-542AEEC450C2} = {D8F123BC-5BF3-3D90-BA4C-542AEEC450C2}
		{CB4EBC2B-C2F5-3B4D-8993-B7FBC130EF3E} = {CB4EBC2B-C2F5-3B4D-8993-B7FBC130EF3E}
		{73DD83F7-B0C2-3C29-8C26-64EBF69BEE86} = {73DD83F7-B0C2-3C29-8C26-64EBF69BEE86}
		{E4434F16-3B5B-3EFB-A659-ACFB9D316325} = {E4434F16-3B5B-3EFB-A659-ACFB9D316325}
		{AA0D17D8-C1D8-3F8E-BAF0-F4266DB79EA0} = {AA0D17D8-C1D8-3F8E-BAF0-F4266DB79EA0}
		{57C90DF7-6049-3C96-95A6-0E9F0D36A706} = {57C90DF7-6049-3C96-95A6-0E9F0D36A706}
		{E5149B9F-52B6-3525-9EEA-FFF5B007A912} = {E5149B9F-52B6-3525-9EEA-FFF5B007A912}
		{91A986A3-B68A-3778-8D70-65B85528FD85} = {91A986A3-B68A-3778-8D70-65B85528FD85}
		{74B199CD-1CB5-32D3-B219-820FD27F4B3B} = {74B199CD-1CB5-32D3-B219-820FD27F4B3B}
		{457DA32C-7169-36FF-80F6-A813535B2595} = {457DA32C-7169-36FF-80F6-A813535B2595}
		{4D5431A3-743D-38E1-9C9D-28507B9B2E75} = {4D5431A3-743D-38E1-9C9D-28507B9B2E75}
		{FBF6760E-6BED-33A7-92FC-DC537123D0CA} = {FBF6760E-6BED-33A7-92FC-DC537123D0CA}
		{414A9AB8-17D8-3E11-B71C-8650A91982CD} = {414A9AB8-17D8-3E11-B71C-8650A91982CD}
		{434E25AE-2D7C-3DE9-A592-5EA6D9F490E6} = {434E25AE-2D7C-3DE9-A592-5EA6D9F490E6}
		{9B226BD5-64D7-3AB3-9CB0-C9ED20421824} = {9B226BD5-64D7-3AB3-9CB0-C9ED20421824}
		{96721DF0-B573-3118-BC8C-6F4E04B2535A} = {96721DF0-B573-3118-BC8C-6F4E04B2535A}
		{ADF7E49C-8E43-3181-8DE6-514559D7EAA1} = {ADF7E49C-8E43-3181-8DE6-514559D7EAA1}
		{48EED76B-C63E-3946-B74A-15E484BE6F1A} = {48EED76B-C63E-3946-B74A-15E484BE6F1A}
		{BE9EBCFF-5681-3F8C-B0EB-347F255C1AEF} = {BE9EBCFF-5681-3F8C-B0EB-347F255C1AEF}
		{FAC009D1-6306-3D22-A968-36F88EAEED8E} = {FAC009D1-6306-3D22-A968-36F88EAEED8E}
		{8458F988-0632-3944-A3D0-2B69689FF3A0} = {8458F988-0632-3944-A3D0-2B69689FF3A0}
		{4141C751-EA64-399E-BE61-7567398BF191} = {4141C751-EA64-399E-BE61-7567398BF191}
		{C30F7CEF-E24B-36A4-82F0-999967849B8E} = {C30F7CEF-E24B-36A4-82F0-999967849B8E}
	EndProjectSection
EndProject
Project("{8BC9CEB8-8B4A-11D0-8D11-00A0C91BC942}") = "INSTALL", "INSTALL.vcxproj", "{A98F32E8-7819-3AC9-A260-2596F5F09D6B}"
	ProjectSection(ProjectDependencies) = postProject
		{5EC260AE-409E-34CD-BA2D-049FB3E77B0B} = {5EC260AE-409E-34CD-BA2D-049FB3E77B0B}
		{5A9F61D0-A617-33BE-BF5C-350F941FB3B9} = {5A9F61D0-A617-33BE-BF5C-350F941FB3B9}
	EndProjectSection
EndProject
Project("{8BC9CEB8-8B4A-11D0-8D11-00A0C91BC942}") = "ZERO_CHECK", "ZERO_CHECK.vcxproj", "{5A9F61D0-A617-33BE-BF5C-350F941FB3B9}"
	ProjectSection(ProjectDependencies) = postProject
	EndProjectSection
EndProject
Project("{8BC9CEB8-8B4A-11D0-8D11-00A0C91BC942}") = "boing", "examples\boing.vcxproj", "{89B40E84-C5B2-3AAB-B979-6F9A2CC25ACB}"
	ProjectSection(ProjectDependencies) = postProject
		{5A9F61D0-A617-33BE-BF5C-350F941FB3B9} = {5A9F61D0-A617-33BE-BF5C-350F941FB3B9}
		{D8F123BC-5BF3-3D90-BA4C-542AEEC450C2} = {D8F123BC-5BF3-3D90-BA4C-542AEEC450C2}
	EndProjectSection
EndProject
Project("{8BC9CEB8-8B4A-11D0-8D11-00A0C91BC942}") = "clipboard", "tests\clipboard.vcxproj", "{D4E3D4FD-4DA5-3FD7-BD6C-1FE09E88543C}"
	ProjectSection(ProjectDependencies) = postProject
		{5A9F61D0-A617-33BE-BF5C-350F941FB3B9} = {5A9F61D0-A617-33BE-BF5C-350F941FB3B9}
		{D8F123BC-5BF3-3D90-BA4C-542AEEC450C2} = {D8F123BC-5BF3-3D90-BA4C-542AEEC450C2}
	EndProjectSection
EndProject
Project("{8BC9CEB8-8B4A-11D0-8D11-00A0C91BC942}") = "cursor", "tests\cursor.vcxproj", "{7266D836-5A7E-3A98-B864-E297D580885C}"
	ProjectSection(ProjectDependencies) = postProject
		{5A9F61D0-A617-33BE-BF5C-350F941FB3B9} = {5A9F61D0-A617-33BE-BF5C-350F941FB3B9}
		{D8F123BC-5BF3-3D90-BA4C-542AEEC450C2} = {D8F123BC-5BF3-3D90-BA4C-542AEEC450C2}
	EndProjectSection
EndProject
Project("{8BC9CEB8-8B4A-11D0-8D11-00A0C91BC942}") = "empty", "tests\empty.vcxproj", "{58307666-22B4-3E24-B6C4-B5F99F9FCD19}"
	ProjectSection(ProjectDependencies) = postProject
		{5A9F61D0-A617-33BE-BF5C-350F941FB3B9} = {5A9F61D0-A617-33BE-BF5C-350F941FB3B9}
		{D8F123BC-5BF3-3D90-BA4C-542AEEC450C2} = {D8F123BC-5BF3-3D90-BA4C-542AEEC450C2}
	EndProjectSection
EndProject
Project("{8BC9CEB8-8B4A-11D0-8D11-00A0C91BC942}") = "events", "tests\events.vcxproj", "{59BC08AF-B1CC-3E6A-ACA7-FA8C955977E7}"
	ProjectSection(ProjectDependencies) = postProject
		{5A9F61D0-A617-33BE-BF5C-350F941FB3B9} = {5A9F61D0-A617-33BE-BF5C-350F941FB3B9}
		{D8F123BC-5BF3-3D90-BA4C-542AEEC450C2} = {D8F123BC-5BF3-3D90-BA4C-542AEEC450C2}
	EndProjectSection
EndProject
Project("{8BC9CEB8-8B4A-11D0-8D11-00A0C91BC942}") = "gamma", "tests\gamma.vcxproj", "{C785CD42-DF61-3759-AC32-25337B93C1AC}"
	ProjectSection(ProjectDependencies) = postProject
		{5A9F61D0-A617-33BE-BF5C-350F941FB3B9} = {5A9F61D0-A617-33BE-BF5C-350F941FB3B9}
		{D8F123BC-5BF3-3D90-BA4C-542AEEC450C2} = {D8F123BC-5BF3-3D90-BA4C-542AEEC450C2}
	EndProjectSection
EndProject
Project("{8BC9CEB8-8B4A-11D0-8D11-00A0C91BC942}") = "gears", "examples\gears.vcxproj", "{CE0DFAEC-D76D-3130-A5AE-F73557D30431}"
	ProjectSection(ProjectDependencies) = postProject
		{5A9F61D0-A617-33BE-BF5C-350F941FB3B9} = {5A9F61D0-A617-33BE-BF5C-350F941FB3B9}
		{D8F123BC-5BF3-3D90-BA4C-542AEEC450C2} = {D8F123BC-5BF3-3D90-BA4C-542AEEC450C2}
	EndProjectSection
EndProject
Project("{8BC9CEB8-8B4A-11D0-8D11-00A0C91BC942}") = "glfw", "src\glfw.vcxproj", "{D8F123BC-5BF3-3D90-BA4C-542AEEC450C2}"
	ProjectSection(ProjectDependencies) = postProject
		{5A9F61D0-A617-33BE-BF5C-350F941FB3B9} = {5A9F61D0-A617-33BE-BF5C-350F941FB3B9}
	EndProjectSection
EndProject
Project("{8BC9CEB8-8B4A-11D0-8D11-00A0C91BC942}") = "glfwinfo", "tests\glfwinfo.vcxproj", "{CB4EBC2B-C2F5-3B4D-8993-B7FBC130EF3E}"
	ProjectSection(ProjectDependencies) = postProject
		{5A9F61D0-A617-33BE-BF5C-350F941FB3B9} = {5A9F61D0-A617-33BE-BF5C-350F941FB3B9}
		{D8F123BC-5BF3-3D90-BA4C-542AEEC450C2} = {D8F123BC-5BF3-3D90-BA4C-542AEEC450C2}
	EndProjectSection
EndProject
Project("{8BC9CEB8-8B4A-11D0-8D11-00A0C91BC942}") = "heightmap", "examples\heightmap.vcxproj", "{73DD83F7-B0C2-3C29-8C26-64EBF69BEE86}"
	ProjectSection(ProjectDependencies) = postProject
		{5A9F61D0-A617-33BE-BF5C-350F941FB3B9} = {5A9F61D0-A617-33BE-BF5C-350F941FB3B9}
		{D8F123BC-5BF3-3D90-BA4C-542AEEC450C2} = {D8F123BC-5BF3-3D90-BA4C-542AEEC450C2}
	EndProjectSection
EndProject
Project("{8BC9CEB8-8B4A-11D0-8D11-00A0C91BC942}") = "icon", "tests\icon.vcxproj", "{E4434F16-3B5B-3EFB-A659-ACFB9D316325}"
	ProjectSection(ProjectDependencies) = postProject
		{5A9F61D0-A617-33BE-BF5C-350F941FB3B9} = {5A9F61D0-A617-33BE-BF5C-350F941FB3B9}
		{D8F123BC-5BF3-3D90-BA4C-542AEEC450C2} = {D8F123BC-5BF3-3D90-BA4C-542AEEC450C2}
	EndProjectSection
EndProject
Project("{8BC9CEB8-8B4A-11D0-8D11-00A0C91BC942}") = "iconify", "tests\iconify.vcxproj", "{AA0D17D8-C1D8-3F8E-BAF0-F4266DB79EA0}"
	ProjectSection(ProjectDependencies) = postProject
		{5A9F61D0-A617-33BE-BF5C-350F941FB3B9} = {5A9F61D0-A617-33BE-BF5C-350F941FB3B9}
		{D8F123BC-5BF3-3D90-BA4C-542AEEC450C2} = {D8F123BC-5BF3-3D90-BA4C-542AEEC450C2}
	EndProjectSection
EndProject
Project("{8BC9CEB8-8B4A-11D0-8D11-00A0C91BC942}") = "inputlag", "tests\inputlag.vcxproj", "{57C90DF7-6049-3C96-95A6-0E9F0D36A706}"
	ProjectSection(ProjectDependencies) = postProject
		{5A9F61D0-A617-33BE-BF5C-350F941FB3B9} = {5A9F61D0-A617-33BE-BF5C-350F941FB3B9}
		{D8F123BC-5BF3-3D90-BA4C-542AEEC450C2} = {D8F123BC-5BF3-3D90-BA4C-542AEEC450C2}
	EndProjectSection
EndProject
Project("{8BC9CEB8-8B4A-11D0-8D11-00A0C91BC942}") = "joysticks", "tests\joysticks.vcxproj", "{E5149B9F-52B6-3525-9EEA-FFF5B007A912}"
	ProjectSection(ProjectDependencies) = postProject
		{5A9F61D0-A617-33BE-BF5C-350F941FB3B9} = {5A9F61D0-A617-33BE-BF5C-350F941FB3B9}
		{D8F123BC-5BF3-3D90-BA4C-542AEEC450C2} = {D8F123BC-5BF3-3D90-BA4C-542AEEC450C2}
	EndProjectSection
EndProject
Project("{8BC9CEB8-8B4A-11D0-8D11-00A0C91BC942}") = "monitors", "tests\monitors.vcxproj", "{91A986A3-B68A-3778-8D70-65B85528FD85}"
	ProjectSection(ProjectDependencies) = postProject
		{5A9F61D0-A617-33BE-BF5C-350F941FB3B9} = {5A9F61D0-A617-33BE-BF5C-350F941FB3B9}
		{D8F123BC-5BF3-3D90-BA4C-542AEEC450C2} = {D8F123BC-5BF3-3D90-BA4C-542AEEC450C2}
	EndProjectSection
EndProject
Project("{8BC9CEB8-8B4A-11D0-8D11-00A0C91BC942}") = "msaa", "tests\msaa.vcxproj", "{74B199CD-1CB5-32D3-B219-820FD27F4B3B}"
	ProjectSection(ProjectDependencies) = postProject
		{5A9F61D0-A617-33BE-BF5C-350F941FB3B9} = {5A9F61D0-A617-33BE-BF5C-350F941FB3B9}
		{D8F123BC-5BF3-3D90-BA4C-542AEEC450C2} = {D8F123BC-5BF3-3D90-BA4C-542AEEC450C2}
	EndProjectSection
EndProject
Project("{8BC9CEB8-8B4A-11D0-8D11-00A0C91BC942}") = "offscreen", "examples\offscreen.vcxproj", "{457DA32C-7169-36FF-80F6-A813535B2595}"
	ProjectSection(ProjectDependencies) = postProject
		{5A9F61D0-A617-33BE-BF5C-350F941FB3B9} = {5A9F61D0-A617-33BE-BF5C-350F941FB3B9}
		{D8F123BC-5BF3-3D90-BA4C-542AEEC450C2} = {D8F123BC-5BF3-3D90-BA4C-542AEEC450C2}
	EndProjectSection
EndProject
Project("{8BC9CEB8-8B4A-11D0-8D11-00A0C91BC942}") = "opacity", "tests\opacity.vcxproj", "{4D5431A3-743D-38E1-9C9D-28507B9B2E75}"
	ProjectSection(ProjectDependencies) = postProject
		{5A9F61D0-A617-33BE-BF5C-350F941FB3B9} = {5A9F61D0-A617-33BE-BF5C-350F941FB3B9}
		{D8F123BC-5BF3-3D90-BA4C-542AEEC450C2} = {D8F123BC-5BF3-3D90-BA4C-542AEEC450C2}
	EndProjectSection
EndProject
Project("{8BC9CEB8-8B4A-11D0-8D11-00A0C91BC942}") = "particles", "examples\particles.vcxproj", "{FBF6760E-6BED-33A7-92FC-DC537123D0CA}"
	ProjectSection(ProjectDependencies) = postProject
		{5A9F61D0-A617-33BE-BF5C-350F941FB3B9} = {5A9F61D0-A617-33BE-BF5C-350F941FB3B9}
		{D8F123BC-5BF3-3D90-BA4C-542AEEC450C2} = {D8F123BC-5BF3-3D90-BA4C-542AEEC450C2}
	EndProjectSection
EndProject
Project("{8BC9CEB8-8B4A-11D0-8D11-00A0C91BC942}") = "reopen", "tests\reopen.vcxproj", "{414A9AB8-17D8-3E11-B71C-8650A91982CD}"
	ProjectSection(ProjectDependencies) = postProject
		{5A9F61D0-A617-33BE-BF5C-350F941FB3B9} = {5A9F61D0-A617-33BE-BF5C-350F941FB3B9}
		{D8F123BC-5BF3-3D90-BA4C-542AEEC450C2} = {D8F123BC-5BF3-3D90-BA4C-542AEEC450C2}
	EndProjectSection
EndProject
Project("{8BC9CEB8-8B4A-11D0-8D11-00A0C91BC942}") = "sharing", "examples\sharing.vcxproj", "{434E25AE-2D7C-3DE9-A592-5EA6D9F490E6}"
	ProjectSection(ProjectDependencies) = postProject
		{5A9F61D0-A617-33BE-BF5C-350F941FB3B9} = {5A9F61D0-A617-33BE-BF5C-350F941FB3B9}
		{D8F123BC-5BF3-3D90-BA4C-542AEEC450C2} = {D8F123BC-5BF3-3D90-BA4C-542AEEC450C2}
	EndProjectSection
EndProject
Project("{8BC9CEB8-8B4A-11D0-8D11-00A0C91BC942}") = "simple", "examples\simple.vcxproj", "{9B226BD5-64D7-3AB3-9CB0-C9ED20421824}"
	ProjectSection(ProjectDependencies) = postProject
		{5A9F61D0-A617-33BE-BF5C-350F941FB3B9} = {5A9F61D0-A617-33BE-BF5C-350F941FB3B9}
		{D8F123BC-5BF3-3D90-BA4C-542AEEC450C2} = {D8F123BC-5BF3-3D90-BA4C-542AEEC450C2}
	EndProjectSection
EndProject
Project("{8BC9CEB8-8B4A-11D0-8D11-00A0C91BC942}") = "splitview", "examples\splitview.vcxproj", "{96721DF0-B573-3118-BC8C-6F4E04B2535A}"
	ProjectSection(ProjectDependencies) = postProject
		{5A9F61D0-A617-33BE-BF5C-350F941FB3B9} = {5A9F61D0-A617-33BE-BF5C-350F941FB3B9}
		{D8F123BC-5BF3-3D90-BA4C-542AEEC450C2} = {D8F123BC-5BF3-3D90-BA4C-542AEEC450C2}
	EndProjectSection
EndProject
Project("{8BC9CEB8-8B4A-11D0-8D11-00A0C91BC942}") = "tearing", "tests\tearing.vcxproj", "{ADF7E49C-8E43-3181-8DE6-514559D7EAA1}"
	ProjectSection(ProjectDependencies) = postProject
		{5A9F61D0-A617-33BE-BF5C-350F941FB3B9} = {5A9F61D0-A617-33BE-BF5C-350F941FB3B9}
		{D8F123BC-5BF3-3D90-BA4C-542AEEC450C2} = {D8F123BC-5BF3-3D90-BA4C-542AEEC450C2}
	EndProjectSection
EndProject
Project("{8BC9CEB8-8B4A-11D0-8D11-00A0C91BC942}") = "threads", "tests\threads.vcxproj", "{48EED76B-C63E-3946-B74A-15E484BE6F1A}"
	ProjectSection(ProjectDependencies) = postProject
		{5A9F61D0-A617-33BE-BF5C-350F941FB3B9} = {5A9F61D0-A617-33BE-BF5C-350F941FB3B9}
		{D8F123BC-5BF3-3D90-BA4C-542AEEC450C2} = {D8F123BC-5BF3-3D90-BA4C-542AEEC450C2}
	EndProjectSection
EndProject
Project("{8BC9CEB8-8B4A-11D0-8D11-00A0C91BC942}") = "timeout", "tests\timeout.vcxproj", "{BE9EBCFF-5681-3F8C-B0EB-347F255C1AEF}"
	ProjectSection(ProjectDependencies) = postProject
		{5A9F61D0-A617-33BE-BF5C-350F941FB3B9} = {5A9F61D0-A617-33BE-BF5C-350F941FB3B9}
		{D8F123BC-5BF3-3D90-BA4C-542AEEC450C2} = {D8F123BC-5BF3-3D90-BA4C-542AEEC450C2}
	EndProjectSection
EndProject
Project("{8BC9CEB8-8B4A-11D0-8D11-00A0C91BC942}") = "title", "tests\title.vcxproj", "{FAC009D1-6306-3D22-A968-36F88EAEED8E}"
	ProjectSection(ProjectDependencies) = postProject
		{5A9F61D0-A617-33BE-BF5C-350F941FB3B9} = {5A9F61D0-A617-33BE-BF5C-350F941FB3B9}
		{D8F123BC-5BF3-3D90-BA4C-542AEEC450C2} = {D8F123BC-5BF3-3D90-BA4C-542AEEC450C2}
	EndProjectSection
EndProject
Project("{8BC9CEB8-8B4A-11D0-8D11-00A0C91BC942}") = "triangle-vulkan", "tests\triangle-vulkan.vcxproj", "{8458F988-0632-3944-A3D0-2B69689FF3A0}"
	ProjectSection(ProjectDependencies) = postProject
		{5A9F61D0-A617-33BE-BF5C-350F941FB3B9} = {5A9F61D0-A617-33BE-BF5C-350F941FB3B9}
		{D8F123BC-5BF3-3D90-BA4C-542AEEC450C2} = {D8F123BC-5BF3-3D90-BA4C-542AEEC450C2}
	EndProjectSection
EndProject
Project("{8BC9CEB8-8B4A-11D0-8D11-00A0C91BC942}") = "uninstall", "uninstall.vcxproj", "{56913928-9702-37B5-823A-8A2974D113F6}"
	ProjectSection(ProjectDependencies) = postProject
		{5A9F61D0-A617-33BE-BF5C-350F941FB3B9} = {5A9F61D0-A617-33BE-BF5C-350F941FB3B9}
	EndProjectSection
EndProject
Project("{8BC9CEB8-8B4A-11D0-8D11-00A0C91BC942}") = "update_mappings", "src\update_mappings.vcxproj", "{F844961B-E279-31D2-8C77-6DF0619AB4DE}"
	ProjectSection(ProjectDependencies) = postProject
		{5A9F61D0-A617-33BE-BF5C-350F941FB3B9} = {5A9F61D0-A617-33BE-BF5C-350F941FB3B9}
	EndProjectSection
EndProject
Project("{8BC9CEB8-8B4A-11D0-8D11-00A0C91BC942}") = "wave", "examples\wave.vcxproj", "{4141C751-EA64-399E-BE61-7567398BF191}"
	ProjectSection(ProjectDependencies) = postProject
		{5A9F61D0-A617-33BE-BF5C-350F941FB3B9} = {5A9F61D0-A617-33BE-BF5C-350F941FB3B9}
		{D8F123BC-5BF3-3D90-BA4C-542AEEC450C2} = {D8F123BC-5BF3-3D90-BA4C-542AEEC450C2}
	EndProjectSection
EndProject
Project("{8BC9CEB8-8B4A-11D0-8D11-00A0C91BC942}") = "windows", "tests\windows.vcxproj", "{C30F7CEF-E24B-36A4-82F0-999967849B8E}"
	ProjectSection(ProjectDependencies) = postProject
		{5A9F61D0-A617-33BE-BF5C-350F941FB3B9} = {5A9F61D0-A617-33BE-BF5C-350F941FB3B9}
		{D8F123BC-5BF3-3D90-BA4C-542AEEC450C2} = {D8F123BC-5BF3-3D90-BA4C-542AEEC450C2}
	EndProjectSection
EndProject
Global
	GlobalSection(SolutionConfigurationPlatforms) = preSolution
		Debug|x64 = Debug|x64
		Release|x64 = Release|x64
		MinSizeRel|x64 = MinSizeRel|x64
		RelWithDebInfo|x64 = RelWithDebInfo|x64
	EndGlobalSection
	GlobalSection(ProjectConfigurationPlatforms) = postSolution
		{5EC260AE-409E-34CD-BA2D-049FB3E77B0B}.Debug|x64.ActiveCfg = Debug|x64
		{5EC260AE-409E-34CD-BA2D-049FB3E77B0B}.Debug|x64.Build.0 = Debug|x64
		{5EC260AE-409E-34CD-BA2D-049FB3E77B0B}.Release|x64.ActiveCfg = Release|x64
		{5EC260AE-409E-34CD-BA2D-049FB3E77B0B}.Release|x64.Build.0 = Release|x64
		{5EC260AE-409E-34CD-BA2D-049FB3E77B0B}.MinSizeRel|x64.ActiveCfg = MinSizeRel|x64
		{5EC260AE-409E-34CD-BA2D-049FB3E77B0B}.MinSizeRel|x64.Build.0 = MinSizeRel|x64
		{5EC260AE-409E-34CD-BA2D-049FB3E77B0B}.RelWithDebInfo|x64.ActiveCfg = RelWithDebInfo|x64
		{5EC260AE-409E-34CD-BA2D-049FB3E77B0B}.RelWithDebInfo|x64.Build.0 = RelWithDebInfo|x64
		{A98F32E8-7819-3AC9-A260-2596F5F09D6B}.Debug|x64.ActiveCfg = Debug|x64
		{A98F32E8-7819-3AC9-A260-2596F5F09D6B}.Release|x64.ActiveCfg = Release|x64
		{A98F32E8-7819-3AC9-A260-2596F5F09D6B}.MinSizeRel|x64.ActiveCfg = MinSizeRel|x64
		{A98F32E8-7819-3AC9-A260-2596F5F09D6B}.RelWithDebInfo|x64.ActiveCfg = RelWithDebInfo|x64
		{5A9F61D0-A617-33BE-BF5C-350F941FB3B9}.Debug|x64.ActiveCfg = Debug|x64
		{5A9F61D0-A617-33BE-BF5C-350F941FB3B9}.Debug|x64.Build.0 = Debug|x64
		{5A9F61D0-A617-33BE-BF5C-350F941FB3B9}.Release|x64.ActiveCfg = Release|x64
		{5A9F61D0-A617-33BE-BF5C-350F941FB3B9}.Release|x64.Build.0 = Release|x64
		{5A9F61D0-A617-33BE-BF5C-350F941FB3B9}.MinSizeRel|x64.ActiveCfg = MinSizeRel|x64
		{5A9F61D0-A617-33BE-BF5C-350F941FB3B9}.MinSizeRel|x64.Build.0 = MinSizeRel|x64
		{5A9F61D0-A617-33BE-BF5C-350F941FB3B9}.RelWithDebInfo|x64.ActiveCfg = RelWithDebInfo|x64
		{5A9F61D0-A617-33BE-BF5C-350F941FB3B9}.RelWithDebInfo|x64.Build.0 = RelWithDebInfo|x64
		{89B40E84-C5B2-3AAB-B979-6F9A2CC25ACB}.Debug|x64.ActiveCfg = Debug|x64
		{89B40E84-C5B2-3AAB-B979-6F9A2CC25ACB}.Debug|x64.Build.0 = Debug|x64
		{89B40E84-C5B2-3AAB-B979-6F9A2CC25ACB}.Release|x64.ActiveCfg = Release|x64
		{89B40E84-C5B2-3AAB-B979-6F9A2CC25ACB}.Release|x64.Build.0 = Release|x64
		{89B40E84-C5B2-3AAB-B979-6F9A2CC25ACB}.MinSizeRel|x64.ActiveCfg = MinSizeRel|x64
		{89B40E84-C5B2-3AAB-B979-6F9A2CC25ACB}.MinSizeRel|x64.Build.0 = MinSizeRel|x64
		{89B40E84-C5B2-3AAB-B979-6F9A2CC25ACB}.RelWithDebInfo|x64.ActiveCfg = RelWithDebInfo|x64
		{89B40E84-C5B2-3AAB-B979-6F9A2CC25ACB}.RelWithDebInfo|x64.Build.0 = RelWithDebInfo|x64
		{D4E3D4FD-4DA5-3FD7-BD6C-1FE09E88543C}.Debug|x64.ActiveCfg = Debug|x64
		{D4E3D4FD-4DA5-3FD7-BD6C-1FE09E88543C}.Debug|x64.Build.0 = Debug|x64
		{D4E3D4FD-4DA5-3FD7-BD6C-1FE09E88543C}.Release|x64.ActiveCfg = Release|x64
		{D4E3D4FD-4DA5-3FD7-BD6C-1FE09E88543C}.Release|x64.Build.0 = Release|x64
		{D4E3D4FD-4DA5-3FD7-BD6C-1FE09E88543C}.MinSizeRel|x64.ActiveCfg = MinSizeRel|x64
		{D4E3D4FD-4DA5-3FD7-BD6C-1FE09E88543C}.MinSizeRel|x64.Build.0 = MinSizeRel|x64
		{D4E3D4FD-4DA5-3FD7-BD6C-1FE09E88543C}.RelWithDebInfo|x64.ActiveCfg = RelWithDebInfo|x64
		{D4E3D4FD-4DA5-3FD7-BD6C-1FE09E88543C}.RelWithDebInfo|x64.Build.0 = RelWithDebInfo|x64
		{7266D836-5A7E-3A98-B864-E297D580885C}.Debug|x64.ActiveCfg = Debug|x64
		{7266D836-5A7E-3A98-B864-E297D580885C}.Debug|x64.Build.0 = Debug|x64
		{7266D836-5A7E-3A98-B864-E297D580885C}.Release|x64.ActiveCfg = Release|x64
		{7266D836-5A7E-3A98-B864-E297D580885C}.Release|x64.Build.0 = Release|x64
		{7266D836-5A7E-3A98-B864-E297D580885C}.MinSizeRel|x64.ActiveCfg = MinSizeRel|x64
		{7266D836-5A7E-3A98-B864-E297D580885C}.MinSizeRel|x64.Build.0 = MinSizeRel|x64
		{7266D836-5A7E-3A98-B864-E297D580885C}.RelWithDebInfo|x64.ActiveCfg = RelWithDebInfo|x64
		{7266D836-5A7E-3A98-B864-E297D580885C}.RelWithDebInfo|x64.Build.0 = RelWithDebInfo|x64
		{58307666-22B4-3E24-B6C4-B5F99F9FCD19}.Debug|x64.ActiveCfg = Debug|x64
		{58307666-22B4-3E24-B6C4-B5F99F9FCD19}.Debug|x64.Build.0 = Debug|x64
		{58307666-22B4-3E24-B6C4-B5F99F9FCD19}.Release|x64.ActiveCfg = Release|x64
		{58307666-22B4-3E24-B6C4-B5F99F9FCD19}.Release|x64.Build.0 = Release|x64
		{58307666-22B4-3E24-B6C4-B5F99F9FCD19}.MinSizeRel|x64.ActiveCfg = MinSizeRel|x64
		{58307666-22B4-3E24-B6C4-B5F99F9FCD19}.MinSizeRel|x64.Build.0 = MinSizeRel|x64
		{58307666-22B4-3E24-B6C4-B5F99F9FCD19}.RelWithDebInfo|x64.ActiveCfg = RelWithDebInfo|x64
		{58307666-22B4-3E24-B6C4-B5F99F9FCD19}.RelWithDebInfo|x64.Build.0 = RelWithDebInfo|x64
		{59BC08AF-B1CC-3E6A-ACA7-FA8C955977E7}.Debug|x64.ActiveCfg = Debug|x64
		{59BC08AF-B1CC-3E6A-ACA7-FA8C955977E7}.Debug|x64.Build.0 = Debug|x64
		{59BC08AF-B1CC-3E6A-ACA7-FA8C955977E7}.Release|x64.ActiveCfg = Release|x64
		{59BC08AF-B1CC-3E6A-ACA7-FA8C955977E7}.Release|x64.Build.0 = Release|x64
		{59BC08AF-B1CC-3E6A-ACA7-FA8C955977E7}.MinSizeRel|x64.ActiveCfg = MinSizeRel|x64
		{59BC08AF-B1CC-3E6A-ACA7-FA8C955977E7}.MinSizeRel|x64.Build.0 = MinSizeRel|x64
		{59BC08AF-B1CC-3E6A-ACA7-FA8C955977E7}.RelWithDebInfo|x64.ActiveCfg = RelWithDebInfo|x64
		{59BC08AF-B1CC-3E6A-ACA7-FA8C955977E7}.RelWithDebInfo|x64.Build.0 = RelWithDebInfo|x64
		{C785CD42-DF61-3759-AC32-25337B93C1AC}.Debug|x64.ActiveCfg = Debug|x64
		{C785CD42-DF61-3759-AC32-25337B93C1AC}.Debug|x64.Build.0 = Debug|x64
		{C785CD42-DF61-3759-AC32-25337B93C1AC}.Release|x64.ActiveCfg = Release|x64
		{C785CD42-DF61-3759-AC32-25337B93C1AC}.Release|x64.Build.0 = Release|x64
		{C785CD42-DF61-3759-AC32-25337B93C1AC}.MinSizeRel|x64.ActiveCfg = MinSizeRel|x64
		{C785CD42-DF61-3759-AC32-25337B93C1AC}.MinSizeRel|x64.Build.0 = MinSizeRel|x64
		{C785CD42-DF61-3759-AC32-25337B93C1AC}.RelWithDebInfo|x64.ActiveCfg = RelWithDebInfo|x64
		{C785CD42-DF61-3759-AC32-25337B93C1AC}.RelWithDebInfo|x64.Build.0 = RelWithDebInfo|x64
		{CE0DFAEC-D76D-3130-A5AE-F73557D30431}.Debug|x64.ActiveCfg = Debug|x64
		{CE0DFAEC-D76D-3130-A5AE-F73557D30431}.Debug|x64.Build.0 = Debug|x64
		{CE0DFAEC-D76D-3130-A5AE-F73557D30431}.Release|x64.ActiveCfg = Release|x64
		{CE0DFAEC-D76D-3130-A5AE-F73557D30431}.Release|x64.Build.0 = Release|x64
		{CE0DFAEC-D76D-3130-A5AE-F73557D30431}.MinSizeRel|x64.ActiveCfg = MinSizeRel|x64
		{CE0DFAEC-D76D-3130-A5AE-F73557D30431}.MinSizeRel|x64.Build.0 = MinSizeRel|x64
		{CE0DFAEC-D76D-3130-A5AE-F73557D30431}.RelWithDebInfo|x64.ActiveCfg = RelWithDebInfo|x64
		{CE0DFAEC-D76D-3130-A5AE-F73557D30431}.RelWithDebInfo|x64.Build.0 = RelWithDebInfo|x64
		{D8F123BC-5BF3-3D90-BA4C-542AEEC450C2}.Debug|x64.ActiveCfg = Debug|x64
		{D8F123BC-5BF3-3D90-BA4C-542AEEC450C2}.Debug|x64.Build.0 = Debug|x64
		{D8F123BC-5BF3-3D90-BA4C-542AEEC450C2}.Release|x64.ActiveCfg = Release|x64
		{D8F123BC-5BF3-3D90-BA4C-542AEEC450C2}.Release|x64.Build.0 = Release|x64
		{D8F123BC-5BF3-3D90-BA4C-542AEEC450C2}.MinSizeRel|x64.ActiveCfg = MinSizeRel|x64
		{D8F123BC-5BF3-3D90-BA4C-542AEEC450C2}.MinSizeRel|x64.Build.0 = MinSizeRel|x64
		{D8F123BC-5BF3-3D90-BA4C-542AEEC450C2}.RelWithDebInfo|x64.ActiveCfg = RelWithDebInfo|x64
		{D8F123BC-5BF3-3D90-BA4C-542AEEC450C2}.RelWithDebInfo|x64.Build.0 = RelWithDebInfo|x64
		{CB4EBC2B-C2F5-3B4D-8993-B7FBC130EF3E}.Debug|x64.ActiveCfg = Debug|x64
		{CB4EBC2B-C2F5-3B4D-8993-B7FBC130EF3E}.Debug|x64.Build.0 = Debug|x64
		{CB4EBC2B-C2F5-3B4D-8993-B7FBC130EF3E}.Release|x64.ActiveCfg = Release|x64
		{CB4EBC2B-C2F5-3B4D-8993-B7FBC130EF3E}.Release|x64.Build.0 = Release|x64
		{CB4EBC2B-C2F5-3B4D-8993-B7FBC130EF3E}.MinSizeRel|x64.ActiveCfg = MinSizeRel|x64
		{CB4EBC2B-C2F5-3B4D-8993-B7FBC130EF3E}.MinSizeRel|x64.Build.0 = MinSizeRel|x64
		{CB4EBC2B-C2F5-3B4D-8993-B7FBC130EF3E}.RelWithDebInfo|x64.ActiveCfg = RelWithDebInfo|x64
		{CB4EBC2B-C2F5-3B4D-8993-B7FBC130EF3E}.RelWithDebInfo|x64.Build.0 = RelWithDebInfo|x64
		{73DD83F7-B0C2-3C29-8C26-64EBF69BEE86}.Debug|x64.ActiveCfg = Debug|x64
		{73DD83F7-B0C2-3C29-8C26-64EBF69BEE86}.Debug|x64.Build.0 = Debug|x64
		{73DD83F7-B0C2-3C29-8C26-64EBF69BEE86}.Release|x64.ActiveCfg = Release|x64
		{73DD83F7-B0C2-3C29-8C26-64EBF69BEE86}.Release|x64.Build.0 = Release|x64
		{73DD83F7-B0C2-3C29-8C26-64EBF69BEE86}.MinSizeRel|x64.ActiveCfg = MinSizeRel|x64
		{73DD83F7-B0C2-3C29-8C26-64EBF69BEE86}.MinSizeRel|x64.Build.0 = MinSizeRel|x64
		{73DD83F7-B0C2-3C29-8C26-64EBF69BEE86}.RelWithDebInfo|x64.ActiveCfg = RelWithDebInfo|x64
		{73DD83F7-B0C2-3C29-8C26-64EBF69BEE86}.RelWithDebInfo|x64.Build.0 = RelWithDebInfo|x64
		{E4434F16-3B5B-3EFB-A659-ACFB9D316325}.Debug|x64.ActiveCfg = Debug|x64
		{E4434F16-3B5B-3EFB-A659-ACFB9D316325}.Debug|x64.Build.0 = Debug|x64
		{E4434F16-3B5B-3EFB-A659-ACFB9D316325}.Release|x64.ActiveCfg = Release|x64
		{E4434F16-3B5B-3EFB-A659-ACFB9D316325}.Release|x64.Build.0 = Release|x64
		{E4434F16-3B5B-3EFB-A659-ACFB9D316325}.MinSizeRel|x64.ActiveCfg = MinSizeRel|x64
		{E4434F16-3B5B-3EFB-A659-ACFB9D316325}.MinSizeRel|x64.Build.0 = MinSizeRel|x64
		{E4434F16-3B5B-3EFB-A659-ACFB9D316325}.RelWithDebInfo|x64.ActiveCfg = RelWithDebInfo|x64
		{E4434F16-3B5B-3EFB-A659-ACFB9D316325}.RelWithDebInfo|x64.Build.0 = RelWithDebInfo|x64
		{AA0D17D8-C1D8-3F8E-BAF0-F4266DB79EA0}.Debug|x64.ActiveCfg = Debug|x64
		{AA0D17D8-C1D8-3F8E-BAF0-F4266DB79EA0}.Debug|x64.Build.0 = Debug|x64
		{AA0D17D8-C1D8-3F8E-BAF0-F4266DB79EA0}.Release|x64.ActiveCfg = Release|x64
		{AA0D17D8-C1D8-3F8E-BAF0-F4266DB79EA0}.Release|x64.Build.0 = Release|x64
		{AA0D17D8-C1D8-3F8E-BAF0-F4266DB79EA0}.MinSizeRel|x64.ActiveCfg = MinSizeRel|x64
		{AA0D17D8-C1D8-3F8E-BAF0-F4266DB79EA0}.MinSizeRel|x64.Build.0 = MinSizeRel|x64
		{AA0D17D8-C1D8-3F8E-BAF0-F4266DB79EA0}.RelWithDebInfo|x64.ActiveCfg = RelWithDebInfo|x64
		{AA0D17D8-C1D8-3F8E-BAF0-F4266DB79EA0}.RelWithDebInfo|x64.Build.0 = RelWithDebInfo|x64
		{57C90DF7-6049-3C96-95A6-0E9F0D36A706}.Debug|x64.ActiveCfg = Debug|x64
		{57C90DF7-6049-3C96-95A6-0E9F0D36A706}.Debug|x64.Build.0 = Debug|x64
		{57C90DF7-6049-3C96-95A6-0E9F0D36A706}.Release|x64.ActiveCfg = Release|x64
		{57C90DF7-6049-3C96-95A6-0E9F0D36A706}.Release|x64.Build.0 = Release|x64
		{57C90DF7-6049-3C96-95A6-0E9F0D36A706}.MinSizeRel|x64.ActiveCfg = MinSizeRel|x64
		{57C90DF7-6049-3C96-95A6-0E9F0D36A706}.MinSizeRel|x64.Build.0 = MinSizeRel|x64
		{57C90DF7-6049-3C96-95A6-0E9F0D36A706}.RelWithDebInfo|x64.ActiveCfg = RelWithDebInfo|x64
		{57C90DF7-6049-3C96-95A6-0E9F0D36A706}.RelWithDebInfo|x64.Build.0 = RelWithDebInfo|x64
		{E5149B9F-52B6-3525-9EEA-FFF5B007A912}.Debug|x64.ActiveCfg = Debug|x64
		{E5149B9F-52B6-3525-9EEA-FFF5B007A912}.Debug|x64.Build.0 = Debug|x64
		{E5149B9F-52B6-3525-9EEA-FFF5B007A912}.Release|x64.ActiveCfg = Release|x64
		{E5149B9F-52B6-3525-9EEA-FFF5B007A912}.Release|x64.Build.0 = Release|x64
		{E5149B9F-52B6-3525-9EEA-FFF5B007A912}.MinSizeRel|x64.ActiveCfg = MinSizeRel|x64
		{E5149B9F-52B6-3525-9EEA-FFF5B007A912}.MinSizeRel|x64.Build.0 = MinSizeRel|x64
		{E5149B9F-52B6-3525-9EEA-FFF5B007A912}.RelWithDebInfo|x64.ActiveCfg = RelWithDebInfo|x64
		{E5149B9F-52B6-3525-9EEA-FFF5B007A912}.RelWithDebInfo|x64.Build.0 = RelWithDebInfo|x64
		{91A986A3-B68A-3778-8D70-65B85528FD85}.Debug|x64.ActiveCfg = Debug|x64
		{91A986A3-B68A-3778-8D70-65B85528FD85}.Debug|x64.Build.0 = Debug|x64
		{91A986A3-B68A-3778-8D70-65B85528FD85}.Release|x64.ActiveCfg = Release|x64
		{91A986A3-B68A-3778-8D70-65B85528FD85}.Release|x64.Build.0 = Release|x64
		{91A986A3-B68A-3778-8D70-65B85528FD85}.MinSizeRel|x64.ActiveCfg = MinSizeRel|x64
		{91A986A3-B68A-3778-8D70-65B85528FD85}.MinSizeRel|x64.Build.0 = MinSizeRel|x64
		{91A986A3-B68A-3778-8D70-65B85528FD85}.RelWithDebInfo|x64.ActiveCfg = RelWithDebInfo|x64
		{91A986A3-B68A-3778-8D70-65B85528FD85}.RelWithDebInfo|x64.Build.0 = RelWithDebInfo|x64
		{74B199CD-1CB5-32D3-B219-820FD27F4B3B}.Debug|x64.ActiveCfg = Debug|x64
		{74B199CD-1CB5-32D3-B219-820FD27F4B3B}.Debug|x64.Build.0 = Debug|x64
		{74B199CD-1CB5-32D3-B219-820FD27F4B3B}.Release|x64.ActiveCfg = Release|x64
		{74B199CD-1CB5-32D3-B219-820FD27F4B3B}.Release|x64.Build.0 = Release|x64
		{74B199CD-1CB5-32D3-B219-820FD27F4B3B}.MinSizeRel|x64.ActiveCfg = MinSizeRel|x64
		{74B199CD-1CB5-32D3-B219-820FD27F4B3B}.MinSizeRel|x64.Build.0 = MinSizeRel|x64
		{74B199CD-1CB5-32D3-B219-820FD27F4B3B}.RelWithDebInfo|x64.ActiveCfg = RelWithDebInfo|x64
		{74B199CD-1CB5-32D3-B219-820FD27F4B3B}.RelWithDebInfo|x64.Build.0 = RelWithDebInfo|x64
		{457DA32C-7169-36FF-80F6-A813535B2595}.Debug|x64.ActiveCfg = Debug|x64
		{457DA32C-7169-36FF-80F6-A813535B2595}.Debug|x64.Build.0 = Debug|x64
		{457DA32C-7169-36FF-80F6-A813535B2595}.Release|x64.ActiveCfg = Release|x64
		{457DA32C-7169-36FF-80F6-A813535B2595}.Release|x64.Build.0 = Release|x64
		{457DA32C-7169-36FF-80F6-A813535B2595}.MinSizeRel|x64.ActiveCfg = MinSizeRel|x64
		{457DA32C-7169-36FF-80F6-A813535B2595}.MinSizeRel|x64.Build.0 = MinSizeRel|x64
		{457DA32C-7169-36FF-80F6-A813535B2595}.RelWithDebInfo|x64.ActiveCfg = RelWithDebInfo|x64
		{457DA32C-7169-36FF-80F6-A813535B2595}.RelWithDebInfo|x64.Build.0 = RelWithDebInfo|x64
		{4D5431A3-743D-38E1-9C9D-28507B9B2E75}.Debug|x64.ActiveCfg = Debug|x64
		{4D5431A3-743D-38E1-9C9D-28507B9B2E75}.Debug|x64.Build.0 = Debug|x64
		{4D5431A3-743D-38E1-9C9D-28507B9B2E75}.Release|x64.ActiveCfg = Release|x64
		{4D5431A3-743D-38E1-9C9D-28507B9B2E75}.Release|x64.Build.0 = Release|x64
		{4D5431A3-743D-38E1-9C9D-28507B9B2E75}.MinSizeRel|x64.ActiveCfg = MinSizeRel|x64
		{4D5431A3-743D-38E1-9C9D-28507B9B2E75}.MinSizeRel|x64.Build.0 = MinSizeRel|x64
		{4D5431A3-743D-38E1-9C9D-28507B9B2E75}.RelWithDebInfo|x64.ActiveCfg = RelWithDebInfo|x64
		{4D5431A3-743D-38E1-9C9D-28507B9B2E75}.RelWithDebInfo|x64.Build.0 = RelWithDebInfo|x64
		{FBF6760E-6BED-33A7-92FC-DC537123D0CA}.Debug|x64.ActiveCfg = Debug|x64
		{FBF6760E-6BED-33A7-92FC-DC537123D0CA}.Debug|x64.Build.0 = Debug|x64
		{FBF6760E-6BED-33A7-92FC-DC537123D0CA}.Release|x64.ActiveCfg = Release|x64
		{FBF6760E-6BED-33A7-92FC-DC537123D0CA}.Release|x64.Build.0 = Release|x64
		{FBF6760E-6BED-33A7-92FC-DC537123D0CA}.MinSizeRel|x64.ActiveCfg = MinSizeRel|x64
		{FBF6760E-6BED-33A7-92FC-DC537123D0CA}.MinSizeRel|x64.Build.0 = MinSizeRel|x64
		{FBF6760E-6BED-33A7-92FC-DC537123D0CA}.RelWithDebInfo|x64.ActiveCfg = RelWithDebInfo|x64
		{FBF6760E-6BED-33A7-92FC-DC537123D0CA}.RelWithDebInfo|x64.Build.0 = RelWithDebInfo|x64
		{414A9AB8-17D8-3E11-B71C-8650A91982CD}.Debug|x64.ActiveCfg = Debug|x64
		{414A9AB8-17D8-3E11-B71C-8650A91982CD}.Debug|x64.Build.0 = Debug|x64
		{414A9AB8-17D8-3E11-B71C-8650A91982CD}.Release|x64.ActiveCfg = Release|x64
		{414A9AB8-17D8-3E11-B71C-8650A91982CD}.Release|x64.Build.0 = Release|x64
		{414A9AB8-17D8-3E11-B71C-8650A91982CD}.MinSizeRel|x64.ActiveCfg = MinSizeRel|x64
		{414A9AB8-17D8-3E11-B71C-8650A91982CD}.MinSizeRel|x64.Build.0 = MinSizeRel|x64
		{414A9AB8-17D8-3E11-B71C-8650A91982CD}.RelWithDebInfo|x64.ActiveCfg = RelWithDebInfo|x64
		{414A9AB8-17D8-3E11-B71C-8650A91982CD}.RelWithDebInfo|x64.Build.0 = RelWithDebInfo|x64
		{434E25AE-2D7C-3DE9-A592-5EA6D9F490E6}.Debug|x64.ActiveCfg = Debug|x64
		{434E25AE-2D7C-3DE9-A592-5EA6D9F490E6}.Debug|x64.Build.0 = Debug|x64
		{434E25AE-2D7C-3DE9-A592-5EA6D9F490E6}.Release|x64.ActiveCfg = Release|x64
		{434E25AE-2D7C-3DE9-A592-5EA6D9F490E6}.Release|x64.Build.0 = Release|x64
		{434E25AE-2D7C-3DE9-A592-5EA6D9F490E6}.MinSizeRel|x64.ActiveCfg = MinSizeRel|x64
		{434E25AE-2D7C-3DE9-A592-5EA6D9F490E6}.MinSizeRel|x64.Build.0 = MinSizeRel|x64
		{434E25AE-2D7C-3DE9-A592-5EA6D9F490E6}.RelWithDebInfo|x64.ActiveCfg = RelWithDebInfo|x64
		{434E25AE-2D7C-3DE9-A592-5EA6D9F490E6}.RelWithDebInfo|x64.Build.0 = RelWithDebInfo|x64
		{9B226BD5-64D7-3AB3-9CB0-C9ED20421824}.Debug|x64.ActiveCfg = Debug|x64
		{9B226BD5-64D7-3AB3-9CB0-C9ED20421824}.Debug|x64.Build.0 = Debug|x64
		{9B226BD5-64D7-3AB3-9CB0-C9ED20421824}.Release|x64.ActiveCfg = Release|x64
		{9B226BD5-64D7-3AB3-9CB0-C9ED20421824}.Release|x64.Build.0 = Release|x64
		{9B226BD5-64D7-3AB3-9CB0-C9ED20421824}.MinSizeRel|x64.ActiveCfg = MinSizeRel|x64
		{9B226BD5-64D7-3AB3-9CB0-C9ED20421824}.MinSizeRel|x64.Build.0 = MinSizeRel|x64
		{9B226BD5-64D7-3AB3-9CB0-C9ED20421824}.RelWithDebInfo|x64.ActiveCfg = RelWithDebInfo|x64
		{9B226BD5-64D7-3AB3-9CB0-C9ED20421824}.RelWithDebInfo|x64.Build.0 = RelWithDebInfo|x64
		{96721DF0-B573-3118-BC8C-6F4E04B2535A}.Debug|x64.ActiveCfg = Debug|x64
		{96721DF0-B573-3118-BC8C-6F4E04B2535A}.Debug|x64.Build.0 = Debug|x64
		{96721DF0-B573-3118-BC8C-6F4E04B2535A}.Release|x64.ActiveCfg = Release|x64
		{96721DF0-B573-3118-BC8C-6F4E04B2535A}.Release|x64.Build.0 = Release|x64
		{96721DF0-B573-3118-BC8C-6F4E04B2535A}.MinSizeRel|x64.ActiveCfg = MinSizeRel|x64
		{96721DF0-B573-3118-BC8C-6F4E04B2535A}.MinSizeRel|x64.Build.0 = MinSizeRel|x64
		{96721DF0-B573-3118-BC8C-6F4E04B2535A}.RelWithDebInfo|x64.ActiveCfg = RelWithDebInfo|x64
		{96721DF0-B573-3118-BC8C-6F4E04B2535A}.RelWithDebInfo|x64.Build.0 = RelWithDebInfo|x64
		{ADF7E49C-8E43-3181-8DE6-514559D7EAA1}.Debug|x64.ActiveCfg = Debug|x64
		{ADF7E49C-8E43-3181-8DE6-514559D7EAA1}.Debug|x64.Build.0 = Debug|x64
		{ADF7E49C-8E43-3181-8DE6-514559D7EAA1}.Release|x64.ActiveCfg = Release|x64
		{ADF7E49C-8E43-3181-8DE6-514559D7EAA1}.Release|x64.Build.0 = Release|x64
		{ADF7E49C-8E43-3181-8DE6-514559D7EAA1}.MinSizeRel|x64.ActiveCfg = MinSizeRel|x64
		{ADF7E49C-8E43-3181-8DE6-514559D7EAA1}.MinSizeRel|x64.Build.0 = MinSizeRel|x64
		{ADF7E49C-8E43-3181-8DE6-514559D7EAA1}.RelWithDebInfo|x64.ActiveCfg = RelWithDebInfo|x64
		{ADF7E49C-8E43-3181-8DE6-514559D7EAA1}.RelWithDebInfo|x64.Build.0 = RelWithDebInfo|x64
		{48EED76B-C63E-3946-B74A-15E484BE6F1A}.Debug|x64.ActiveCfg = Debug|x64
		{48EED76B-C63E-3946-B74A-15E484BE6F1A}.Debug|x64.Build.0 = Debug|x64
		{48EED76B-C63E-3946-B74A-15E484BE6F1A}.Release|x64.ActiveCfg = Release|x64
		{48EED76B-C63E-3946-B74A-15E484BE6F1A}.Release|x64.Build.0 = Release|x64
		{48EED76B-C63E-3946-B74A-15E484BE6F1A}.MinSizeRel|x64.ActiveCfg = MinSizeRel|x64
		{48EED76B-C63E-3946-B74A-15E484BE6F1A}.MinSizeRel|x64.Build.0 = MinSizeRel|x64
		{48EED76B-C63E-3946-B74A-15E484BE6F1A}.RelWithDebInfo|x64.ActiveCfg = RelWithDebInfo|x64
		{48EED76B-C63E-3946-B74A-15E484BE6F1A}.RelWithDebInfo|x64.Build.0 = RelWithDebInfo|x64
		{BE9EBCFF-5681-3F8C-B0EB-347F255C1AEF}.Debug|x64.ActiveCfg = Debug|x64
		{BE9EBCFF-5681-3F8C-B0EB-347F255C1AEF}.Debug|x64.Build.0 = Debug|x64
		{BE9EBCFF-5681-3F8C-B0EB-347F255C1AEF}.Release|x64.ActiveCfg = Release|x64
		{BE9EBCFF-5681-3F8C-B0EB-347F255C1AEF}.Release|x64.Build.0 = Release|x64
		{BE9EBCFF-5681-3F8C-B0EB-347F255C1AEF}.MinSizeRel|x64.ActiveCfg = MinSizeRel|x64
		{BE9EBCFF-5681-3F8C-B0EB-347F255C1AEF}.MinSizeRel|x64.Build.0 = MinSizeRel|x64
		{BE9EBCFF-5681-3F8C-B0EB-347F255C1AEF}.RelWithDebInfo|x64.ActiveCfg = RelWithDebInfo|x64
		{BE9EBCFF-5681-3F8C-B0EB-347F255C1AEF}.RelWithDebInfo|x64.Build.0 = RelWithDebInfo|x64
		{FAC009D1-6306-3D22-A968-36F88EAEED8E}.Debug|x64.ActiveCfg = Debug|x64
		{FAC009D1-6306-3D22-A968-36F88EAEED8E}.Debug|x64.Build.0 = Debug|x64
		{FAC009D1-6306-3D22-A968-36F88EAEED8E}.Release|x64.ActiveCfg = Release|x64
		{FAC009D1-6306-3D22-A968-36F88EAEED8E}.Release|x64.Build.0 = Release|x64
		{FAC009D1-6306-3D22-A968-36F88EAEED8E}.MinSizeRel|x64.ActiveCfg = MinSizeRel|x64
		{FAC009D1-6306-3D22-A968-36F88EAEED8E}.MinSizeRel|x64.Build.0 = MinSizeRel|x64
		{FAC009D1-6306-3D22-A968-36F88EAEED8E}.RelWithDebInfo|x64.ActiveCfg = RelWithDebInfo|x64
		{FAC009D1-6306-3D22-A968-36F88EAEED8E}.RelWithDebInfo|x64.Build.0 = RelWithDebInfo|x64
		{8458F988-0632-3944-A3D0-2B69689FF3A0}.Debug|x64.ActiveCfg = Debug|x64
		{8458F988-0632-3944-A3D0-2B69689FF3A0}.Debug|x64.Build.0 = Debug|x64
		{8458F988-0632-3944-A3D0-2B69689FF3A0}.Release|x64.ActiveCfg = Release|x64
		{8458F988-0632-3944-A3D0-2B69689FF3A0}.Release|x64.Build.0 = Release|x64
		{8458F988-0632-3944-A3D0-2B69689FF3A0}.MinSizeRel|x64.ActiveCfg = MinSizeRel|x64
		{8458F988-0632-3944-A3D0-2B69689FF3A0}.MinSizeRel|x64.Build.0 = MinSizeRel|x64
		{8458F988-0632-3944-A3D0-2B69689FF3A0}.RelWithDebInfo|x64.ActiveCfg = RelWithDebInfo|x64
		{8458F988-0632-3944-A3D0-2B69689FF3A0}.RelWithDebInfo|x64.Build.0 = RelWithDebInfo|x64
		{56913928-9702-37B5-823A-8A2974D113F6}.Debug|x64.ActiveCfg = Debug|x64
		{56913928-9702-37B5-823A-8A2974D113F6}.Release|x64.ActiveCfg = Release|x64
		{56913928-9702-37B5-823A-8A2974D113F6}.MinSizeRel|x64.ActiveCfg = MinSizeRel|x64
		{56913928-9702-37B5-823A-8A2974D113F6}.RelWithDebInfo|x64.ActiveCfg = RelWithDebInfo|x64
		{F844961B-E279-31D2-8C77-6DF0619AB4DE}.Debug|x64.ActiveCfg = Debug|x64
		{F844961B-E279-31D2-8C77-6DF0619AB4DE}.Release|x64.ActiveCfg = Release|x64
		{F844961B-E279-31D2-8C77-6DF0619AB4DE}.MinSizeRel|x64.ActiveCfg = MinSizeRel|x64
		{F844961B-E279-31D2-8C77-6DF0619AB4DE}.RelWithDebInfo|x64.ActiveCfg = RelWithDebInfo|x64
		{4141C751-EA64-399E-BE61-7567398BF191}.Debug|x64.ActiveCfg = Debug|x64
		{4141C751-EA64-399E-BE61-7567398BF191}.Debug|x64.Build.0 = Debug|x64
		{4141C751-EA64-399E-BE61-7567398BF191}.Release|x64.ActiveCfg = Release|x64
		{4141C751-EA64-399E-BE61-7567398BF191}.Release|x64.Build.0 = Release|x64
		{4141C751-EA64-399E-BE61-7567398BF191}.MinSizeRel|x64.ActiveCfg = MinSizeRel|x64
		{4141C751-EA64-399E-BE61-7567398BF191}.MinSizeRel|x64.Build.0 = MinSizeRel|x64
		{4141C751-EA64-399E-BE61-7567398BF191}.RelWithDebInfo|x64.ActiveCfg = RelWithDebInfo|x64
		{4141C751-EA64-399E-BE61-7567398BF191}.RelWithDebInfo|x64.Build.0 = RelWithDebInfo|x64
		{C30F7CEF-E24B-36A4-82F0-999967849B8E}.Debug|x64.ActiveCfg = Debug|x64
		{C30F7CEF-E24B-36A4-82F0-999967849B8E}.Debug|x64.Build.0 = Debug|x64
		{C30F7CEF-E24B-36A4-82F0-999967849B8E}.Release|x64.ActiveCfg = Release|x64
		{C30F7CEF-E24B-36A4-82F0-999967849B8E}.Release|x64.Build.0 = Release|x64
		{C30F7CEF-E24B-36A4-82F0-999967849B8E}.MinSizeRel|x64.ActiveCfg = MinSizeRel|x64
		{C30F7CEF-E24B-36A4-82F0-999967849B8E}.MinSizeRel|x64.Build.0 = MinSizeRel|x64
		{C30F7CEF-E24B-36A4-82F0-999967849B8E}.RelWithDebInfo|x64.ActiveCfg = RelWithDebInfo|x64
		{C30F7CEF-E24B-36A4-82F0-999967849B8E}.RelWithDebInfo|x64.Build.0 = RelWithDebInfo|x64
	EndGlobalSection
	GlobalSection(NestedProjects) = preSolution
		{5EC260AE-409E-34CD-BA2D-049FB3E77B0B} = {E353FE73-586F-3539-A0CB-8E9C693990CB}
		{A98F32E8-7819-3AC9-A260-2596F5F09D6B} = {E353FE73-586F-3539-A0CB-8E9C693990CB}
		{5A9F61D0-A617-33BE-BF5C-350F941FB3B9} = {E353FE73-586F-3539-A0CB-8E9C693990CB}
		{33F6E311-E57D-3D7E-AB06-88670F0DBA82} = {C1C28802-AC40-3F6E-9FC2-370571FD4867}
		{2780D168-1285-373E-A55B-BE992A8BB83A} = {C1C28802-AC40-3F6E-9FC2-370571FD4867}
		{D8F123BC-5BF3-3D90-BA4C-542AEEC450C2} = {C1C28802-AC40-3F6E-9FC2-370571FD4867}
		{56913928-9702-37B5-823A-8A2974D113F6} = {C1C28802-AC40-3F6E-9FC2-370571FD4867}
		{F844961B-E279-31D2-8C77-6DF0619AB4DE} = {C1C28802-AC40-3F6E-9FC2-370571FD4867}
		{89B40E84-C5B2-3AAB-B979-6F9A2CC25ACB} = {33F6E311-E57D-3D7E-AB06-88670F0DBA82}
		{CE0DFAEC-D76D-3130-A5AE-F73557D30431} = {33F6E311-E57D-3D7E-AB06-88670F0DBA82}
		{73DD83F7-B0C2-3C29-8C26-64EBF69BEE86} = {33F6E311-E57D-3D7E-AB06-88670F0DBA82}
		{457DA32C-7169-36FF-80F6-A813535B2595} = {33F6E311-E57D-3D7E-AB06-88670F0DBA82}
		{FBF6760E-6BED-33A7-92FC-DC537123D0CA} = {33F6E311-E57D-3D7E-AB06-88670F0DBA82}
		{434E25AE-2D7C-3DE9-A592-5EA6D9F490E6} = {33F6E311-E57D-3D7E-AB06-88670F0DBA82}
		{9B226BD5-64D7-3AB3-9CB0-C9ED20421824} = {33F6E311-E57D-3D7E-AB06-88670F0DBA82}
		{96721DF0-B573-3118-BC8C-6F4E04B2535A} = {33F6E311-E57D-3D7E-AB06-88670F0DBA82}
		{4141C751-EA64-399E-BE61-7567398BF191} = {33F6E311-E57D-3D7E-AB06-88670F0DBA82}
		{D4E3D4FD-4DA5-3FD7-BD6C-1FE09E88543C} = {2780D168-1285-373E-A55B-BE992A8BB83A}
		{7266D836-5A7E-3A98-B864-E297D580885C} = {2780D168-1285-373E-A55B-BE992A8BB83A}
		{58307666-22B4-3E24-B6C4-B5F99F9FCD19} = {2780D168-1285-373E-A55B-BE992A8BB83A}
		{59BC08AF-B1CC-3E6A-ACA7-FA8C955977E7} = {2780D168-1285-373E-A55B-BE992A8BB83A}
		{C785CD42-DF61-3759-AC32-25337B93C1AC} = {2780D168-1285-373E-A55B-BE992A8BB83A}
		{CB4EBC2B-C2F5-3B4D-8993-B7FBC130EF3E} = {2780D168-1285-373E-A55B-BE992A8BB83A}
		{E4434F16-3B5B-3EFB-A659-ACFB9D316325} = {2780D168-1285-373E-A55B-BE992A8BB83A}
		{AA0D17D8-C1D8-3F8E-BAF0-F4266DB79EA0} = {2780D168-1285-373E-A55B-BE992A8BB83A}
		{57C90DF7-6049-3C96-95A6-0E9F0D36A706} = {2780D168-1285-373E-A55B-BE992A8BB83A}
		{E5149B9F-52B6-3525-9EEA-FFF5B007A912} = {2780D168-1285-373E-A55B-BE992A8BB83A}
		{91A986A3-B68A-3778-8D70-65B85528FD85} = {2780D168-1285-373E-A55B-BE992A8BB83A}
		{74B199CD-1CB5-32D3-B219-820FD27F4B3B} = {2780D168-1285-373E-A55B-BE992A8BB83A}
		{4D5431A3-743D-38E1-9C9D-28507B9B2E75} = {2780D168-1285-373E-A55B-BE992A8BB83A}
		{414A9AB8-17D8-3E11-B71C-8650A91982CD} = {2780D168-1285-373E-A55B-BE992A8BB83A}
		{ADF7E49C-8E43-3181-8DE6-514559D7EAA1} = {2780D168-1285-373E-A55B-BE992A8BB83A}
		{48EED76B-C63E-3946-B74A-15E484BE6F1A} = {2780D168-1285-373E-A55B-BE992A8BB83A}
		{BE9EBCFF-5681-3F8C-B0EB-347F255C1AEF} = {2780D168-1285-373E-A55B-BE992A8BB83A}
		{FAC009D1-6306-3D22-A968-36F88EAEED8E} = {2780D168-1285-373E-A55B-BE992A8BB83A}
		{8458F988-0632-3944-A3D0-2B69689FF3A0} = {2780D168-1285-373E-A55B-BE992A8BB83A}
		{C30F7CEF-E24B-36A4-82F0-999967849B8E} = {2780D168-1285-373E-A55B-BE992A8BB83A}
	EndGlobalSection
	GlobalSection(ExtensibilityGlobals) = postSolution
		SolutionGuid = {D59E839D-0E6B-3D78-8323-D2BE8F0F6F7F}
	EndGlobalSection
	GlobalSection(ExtensibilityAddIns) = postSolution
	EndGlobalSection
EndGlobal
